
Microsoft Visual Studio Solution File, Format Version 12.00
# Visual Studio 15
VisualStudioVersion = 15.0.28307.271
MinimumVisualStudioVersion = 10.0.40219.1
Project("{FAE04EC0-301F-11D3-BF4B-00C04F79EFBC}") = "DialScreen.Android", "DialScreen\DialScreen.Android\DialScreen.Android.csproj", "{F81A76F8-5A00-4019-8526-63145EC09222}"
EndProject
Project("{FAE04EC0-301F-11D3-BF4B-00C04F79EFBC}") = "DialScreen.iOS", "DialScreen\DialScreen.iOS\DialScreen.iOS.csproj", "{9161B2B7-15AF-4352-9D53-D5620421D178}"
EndProject
Project("{FAE04EC0-301F-11D3-BF4B-00C04F79EFBC}") = "DialScreen.UWP", "DialScreen\DialScreen.UWP\DialScreen.UWP.csproj", "{C95F4DE4-2E73-4D16-9FF3-4EB944014A57}"
EndProject
Project("{FAE04EC0-301F-11D3-BF4B-00C04F79EFBC}") = "DialScreen", "DialScreen\DialScreen\DialScreen.csproj", "{2BADE572-E234-459A-881E-345177B7A9FF}"
EndProject
Global
	GlobalSection(SolutionConfigurationPlatforms) = preSolution
		Ad-Hoc|Any CPU = Ad-Hoc|Any CPU
		Ad-Hoc|ARM = Ad-Hoc|ARM
		Ad-Hoc|iPhone = Ad-Hoc|iPhone
		Ad-Hoc|iPhoneSimulator = Ad-Hoc|iPhoneSimulator
		Ad-Hoc|x64 = Ad-Hoc|x64
		Ad-Hoc|x86 = Ad-Hoc|x86
		AppStore|Any CPU = AppStore|Any CPU
		AppStore|ARM = AppStore|ARM
		AppStore|iPhone = AppStore|iPhone
		AppStore|iPhoneSimulator = AppStore|iPhoneSimulator
		AppStore|x64 = AppStore|x64
		AppStore|x86 = AppStore|x86
		Debug|Any CPU = Debug|Any CPU
		Debug|ARM = Debug|ARM
		Debug|iPhone = Debug|iPhone
		Debug|iPhoneSimulator = Debug|iPhoneSimulator
		Debug|x64 = Debug|x64
		Debug|x86 = Debug|x86
		Release|Any CPU = Release|Any CPU
		Release|ARM = Release|ARM
		Release|iPhone = Release|iPhone
		Release|iPhoneSimulator = Release|iPhoneSimulator
		Release|x64 = Release|x64
		Release|x86 = Release|x86
	EndGlobalSection
	GlobalSection(ProjectConfigurationPlatforms) = postSolution
		{F81A76F8-5A00-4019-8526-63145EC09222}.Ad-Hoc|Any CPU.ActiveCfg = Release|Any CPU
		{F81A76F8-5A00-4019-8526-63145EC09222}.Ad-Hoc|Any CPU.Build.0 = Release|Any CPU
		{F81A76F8-5A00-4019-8526-63145EC09222}.Ad-Hoc|Any CPU.Deploy.0 = Release|Any CPU
		{F81A76F8-5A00-4019-8526-63145EC09222}.Ad-Hoc|ARM.ActiveCfg = Release|Any CPU
		{F81A76F8-5A00-4019-8526-63145EC09222}.Ad-Hoc|ARM.Build.0 = Release|Any CPU
		{F81A76F8-5A00-4019-8526-63145EC09222}.Ad-Hoc|ARM.Deploy.0 = Release|Any CPU
		{F81A76F8-5A00-4019-8526-63145EC09222}.Ad-Hoc|iPhone.ActiveCfg = Release|Any CPU
		{F81A76F8-5A00-4019-8526-63145EC09222}.Ad-Hoc|iPhone.Build.0 = Release|Any CPU
		{F81A76F8-5A00-4019-8526-63145EC09222}.Ad-Hoc|iPhone.Deploy.0 = Release|Any CPU
		{F81A76F8-5A00-4019-8526-63145EC09222}.Ad-Hoc|iPhoneSimulator.ActiveCfg = Release|Any CPU
		{F81A76F8-5A00-4019-8526-63145EC09222}.Ad-Hoc|iPhoneSimulator.Build.0 = Release|Any CPU
		{F81A76F8-5A00-4019-8526-63145EC09222}.Ad-Hoc|iPhoneSimulator.Deploy.0 = Release|Any CPU
		{F81A76F8-5A00-4019-8526-63145EC09222}.Ad-Hoc|x64.ActiveCfg = Release|Any CPU
		{F81A76F8-5A00-4019-8526-63145EC09222}.Ad-Hoc|x64.Build.0 = Release|Any CPU
		{F81A76F8-5A00-4019-8526-63145EC09222}.Ad-Hoc|x64.Deploy.0 = Release|Any CPU
		{F81A76F8-5A00-4019-8526-63145EC09222}.Ad-Hoc|x86.ActiveCfg = Release|Any CPU
		{F81A76F8-5A00-4019-8526-63145EC09222}.Ad-Hoc|x86.Build.0 = Release|Any CPU
		{F81A76F8-5A00-4019-8526-63145EC09222}.Ad-Hoc|x86.Deploy.0 = Release|Any CPU
		{F81A76F8-5A00-4019-8526-63145EC09222}.AppStore|Any CPU.ActiveCfg = Release|Any CPU
		{F81A76F8-5A00-4019-8526-63145EC09222}.AppStore|Any CPU.Build.0 = Release|Any CPU
		{F81A76F8-5A00-4019-8526-63145EC09222}.AppStore|Any CPU.Deploy.0 = Release|Any CPU
		{F81A76F8-5A00-4019-8526-63145EC09222}.AppStore|ARM.ActiveCfg = Release|Any CPU
		{F81A76F8-5A00-4019-8526-63145EC09222}.AppStore|ARM.Build.0 = Release|Any CPU
		{F81A76F8-5A00-4019-8526-63145EC09222}.AppStore|ARM.Deploy.0 = Release|Any CPU
		{F81A76F8-5A00-4019-8526-63145EC09222}.AppStore|iPhone.ActiveCfg = Release|Any CPU
		{F81A76F8-5A00-4019-8526-63145EC09222}.AppStore|iPhone.Build.0 = Release|Any CPU
		{F81A76F8-5A00-4019-8526-63145EC09222}.AppStore|iPhone.Deploy.0 = Release|Any CPU
		{F81A76F8-5A00-4019-8526-63145EC09222}.AppStore|iPhoneSimulator.ActiveCfg = Release|Any CPU
		{F81A76F8-5A00-4019-8526-63145EC09222}.AppStore|iPhoneSimulator.Build.0 = Release|Any CPU
		{F81A76F8-5A00-4019-8526-63145EC09222}.AppStore|iPhoneSimulator.Deploy.0 = Release|Any CPU
		{F81A76F8-5A00-4019-8526-63145EC09222}.AppStore|x64.ActiveCfg = Release|Any CPU
		{F81A76F8-5A00-4019-8526-63145EC09222}.AppStore|x64.Build.0 = Release|Any CPU
		{F81A76F8-5A00-4019-8526-63145EC09222}.AppStore|x64.Deploy.0 = Release|Any CPU
		{F81A76F8-5A00-4019-8526-63145EC09222}.AppStore|x86.ActiveCfg = Release|Any CPU
		{F81A76F8-5A00-4019-8526-63145EC09222}.AppStore|x86.Build.0 = Release|Any CPU
		{F81A76F8-5A00-4019-8526-63145EC09222}.AppStore|x86.Deploy.0 = Release|Any CPU
		{F81A76F8-5A00-4019-8526-63145EC09222}.Debug|Any CPU.ActiveCfg = Debug|Any CPU
		{F81A76F8-5A00-4019-8526-63145EC09222}.Debug|Any CPU.Build.0 = Debug|Any CPU
		{F81A76F8-5A00-4019-8526-63145EC09222}.Debug|Any CPU.Deploy.0 = Debug|Any CPU
		{F81A76F8-5A00-4019-8526-63145EC09222}.Debug|ARM.ActiveCfg = Debug|Any CPU
		{F81A76F8-5A00-4019-8526-63145EC09222}.Debug|ARM.Build.0 = Debug|Any CPU
		{F81A76F8-5A00-4019-8526-63145EC09222}.Debug|ARM.Deploy.0 = Debug|Any CPU
		{F81A76F8-5A00-4019-8526-63145EC09222}.Debug|iPhone.ActiveCfg = Debug|Any CPU
		{F81A76F8-5A00-4019-8526-63145EC09222}.Debug|iPhone.Build.0 = Debug|Any CPU
		{F81A76F8-5A00-4019-8526-63145EC09222}.Debug|iPhone.Deploy.0 = Debug|Any CPU
		{F81A76F8-5A00-4019-8526-63145EC09222}.Debug|iPhoneSimulator.ActiveCfg = Debug|Any CPU
		{F81A76F8-5A00-4019-8526-63145EC09222}.Debug|iPhoneSimulator.Build.0 = Debug|Any CPU
		{F81A76F8-5A00-4019-8526-63145EC09222}.Debug|iPhoneSimulator.Deploy.0 = Debug|Any CPU
		{F81A76F8-5A00-4019-8526-63145EC09222}.Debug|x64.ActiveCfg = Debug|Any CPU
		{F81A76F8-5A00-4019-8526-63145EC09222}.Debug|x64.Build.0 = Debug|Any CPU
		{F81A76F8-5A00-4019-8526-63145EC09222}.Debug|x64.Deploy.0 = Debug|Any CPU
		{F81A76F8-5A00-4019-8526-63145EC09222}.Debug|x86.ActiveCfg = Debug|Any CPU
		{F81A76F8-5A00-4019-8526-63145EC09222}.Debug|x86.Build.0 = Debug|Any CPU
		{F81A76F8-5A00-4019-8526-63145EC09222}.Debug|x86.Deploy.0 = Debug|Any CPU
		{F81A76F8-5A00-4019-8526-63145EC09222}.Release|Any CPU.ActiveCfg = Release|Any CPU
		{F81A76F8-5A00-4019-8526-63145EC09222}.Release|Any CPU.Build.0 = Release|Any CPU
		{F81A76F8-5A00-4019-8526-63145EC09222}.Release|Any CPU.Deploy.0 = Release|Any CPU
		{F81A76F8-5A00-4019-8526-63145EC09222}.Release|ARM.ActiveCfg = Release|Any CPU
		{F81A76F8-5A00-4019-8526-63145EC09222}.Release|ARM.Build.0 = Release|Any CPU
		{F81A76F8-5A00-4019-8526-63145EC09222}.Release|ARM.Deploy.0 = Release|Any CPU
		{F81A76F8-5A00-4019-8526-63145EC09222}.Release|iPhone.ActiveCfg = Release|Any CPU
		{F81A76F8-5A00-4019-8526-63145EC09222}.Release|iPhone.Build.0 = Release|Any CPU
		{F81A76F8-5A00-4019-8526-63145EC09222}.Release|iPhone.Deploy.0 = Release|Any CPU
		{F81A76F8-5A00-4019-8526-63145EC09222}.Release|iPhoneSimulator.ActiveCfg = Release|Any CPU
		{F81A76F8-5A00-4019-8526-63145EC09222}.Release|iPhoneSimulator.Build.0 = Release|Any CPU
		{F81A76F8-5A00-4019-8526-63145EC09222}.Release|iPhoneSimulator.Deploy.0 = Release|Any CPU
		{F81A76F8-5A00-4019-8526-63145EC09222}.Release|x64.ActiveCfg = Release|Any CPU
		{F81A76F8-5A00-4019-8526-63145EC09222}.Release|x64.Build.0 = Release|Any CPU
		{F81A76F8-5A00-4019-8526-63145EC09222}.Release|x64.Deploy.0 = Release|Any CPU
		{F81A76F8-5A00-4019-8526-63145EC09222}.Release|x86.ActiveCfg = Release|Any CPU
		{F81A76F8-5A00-4019-8526-63145EC09222}.Release|x86.Build.0 = Release|Any CPU
		{F81A76F8-5A00-4019-8526-63145EC09222}.Release|x86.Deploy.0 = Release|Any CPU
		{9161B2B7-15AF-4352-9D53-D5620421D178}.Ad-Hoc|Any CPU.ActiveCfg = Ad-Hoc|iPhone
		{9161B2B7-15AF-4352-9D53-D5620421D178}.Ad-Hoc|Any CPU.Build.0 = Ad-Hoc|iPhone
		{9161B2B7-15AF-4352-9D53-D5620421D178}.Ad-Hoc|Any CPU.Deploy.0 = Ad-Hoc|iPhone
		{9161B2B7-15AF-4352-9D53-D5620421D178}.Ad-Hoc|ARM.ActiveCfg = Ad-Hoc|iPhone
		{9161B2B7-15AF-4352-9D53-D5620421D178}.Ad-Hoc|ARM.Build.0 = Ad-Hoc|iPhone
		{9161B2B7-15AF-4352-9D53-D5620421D178}.Ad-Hoc|ARM.Deploy.0 = Ad-Hoc|iPhone
		{9161B2B7-15AF-4352-9D53-D5620421D178}.Ad-Hoc|iPhone.ActiveCfg = Ad-Hoc|iPhone
		{9161B2B7-15AF-4352-9D53-D5620421D178}.Ad-Hoc|iPhone.Build.0 = Ad-Hoc|iPhone
		{9161B2B7-15AF-4352-9D53-D5620421D178}.Ad-Hoc|iPhone.Deploy.0 = Ad-Hoc|iPhone
		{9161B2B7-15AF-4352-9D53-D5620421D178}.Ad-Hoc|iPhoneSimulator.ActiveCfg = Ad-Hoc|iPhoneSimulator
		{9161B2B7-15AF-4352-9D53-D5620421D178}.Ad-Hoc|iPhoneSimulator.Build.0 = Ad-Hoc|iPhoneSimulator
		{9161B2B7-15AF-4352-9D53-D5620421D178}.Ad-Hoc|iPhoneSimulator.Deploy.0 = Ad-Hoc|iPhoneSimulator
		{9161B2B7-15AF-4352-9D53-D5620421D178}.Ad-Hoc|x64.ActiveCfg = Ad-Hoc|iPhone
		{9161B2B7-15AF-4352-9D53-D5620421D178}.Ad-Hoc|x64.Build.0 = Ad-Hoc|iPhone
		{9161B2B7-15AF-4352-9D53-D5620421D178}.Ad-Hoc|x64.Deploy.0 = Ad-Hoc|iPhone
		{9161B2B7-15AF-4352-9D53-D5620421D178}.Ad-Hoc|x86.ActiveCfg = Ad-Hoc|iPhone
		{9161B2B7-15AF-4352-9D53-D5620421D178}.Ad-Hoc|x86.Build.0 = Ad-Hoc|iPhone
		{9161B2B7-15AF-4352-9D53-D5620421D178}.Ad-Hoc|x86.Deploy.0 = Ad-Hoc|iPhone
		{9161B2B7-15AF-4352-9D53-D5620421D178}.AppStore|Any CPU.ActiveCfg = AppStore|iPhone
		{9161B2B7-15AF-4352-9D53-D5620421D178}.AppStore|Any CPU.Build.0 = AppStore|iPhone
		{9161B2B7-15AF-4352-9D53-D5620421D178}.AppStore|Any CPU.Deploy.0 = AppStore|iPhone
		{9161B2B7-15AF-4352-9D53-D5620421D178}.AppStore|ARM.ActiveCfg = AppStore|iPhone
		{9161B2B7-15AF-4352-9D53-D5620421D178}.AppStore|ARM.Build.0 = AppStore|iPhone
		{9161B2B7-15AF-4352-9D53-D5620421D178}.AppStore|ARM.Deploy.0 = AppStore|iPhone
		{9161B2B7-15AF-4352-9D53-D5620421D178}.AppStore|iPhone.ActiveCfg = AppStore|iPhone
		{9161B2B7-15AF-4352-9D53-D5620421D178}.AppStore|iPhone.Build.0 = AppStore|iPhone
		{9161B2B7-15AF-4352-9D53-D5620421D178}.AppStore|iPhone.Deploy.0 = AppStore|iPhone
		{9161B2B7-15AF-4352-9D53-D5620421D178}.AppStore|iPhoneSimulator.ActiveCfg = AppStore|iPhoneSimulator
		{9161B2B7-15AF-4352-9D53-D5620421D178}.AppStore|iPhoneSimulator.Build.0 = AppStore|iPhoneSimulator
		{9161B2B7-15AF-4352-9D53-D5620421D178}.AppStore|iPhoneSimulator.Deploy.0 = AppStore|iPhoneSimulator
		{9161B2B7-15AF-4352-9D53-D5620421D178}.AppStore|x64.ActiveCfg = AppStore|iPhone
		{9161B2B7-15AF-4352-9D53-D5620421D178}.AppStore|x64.Build.0 = AppStore|iPhone
		{9161B2B7-15AF-4352-9D53-D5620421D178}.AppStore|x64.Deploy.0 = AppStore|iPhone
		{9161B2B7-15AF-4352-9D53-D5620421D178}.AppStore|x86.ActiveCfg = AppStore|iPhone
		{9161B2B7-15AF-4352-9D53-D5620421D178}.AppStore|x86.Build.0 = AppStore|iPhone
		{9161B2B7-15AF-4352-9D53-D5620421D178}.AppStore|x86.Deploy.0 = AppStore|iPhone
		{9161B2B7-15AF-4352-9D53-D5620421D178}.Debug|Any CPU.ActiveCfg = Debug|iPhoneSimulator
		{9161B2B7-15AF-4352-9D53-D5620421D178}.Debug|Any CPU.Build.0 = Debug|iPhoneSimulator
		{9161B2B7-15AF-4352-9D53-D5620421D178}.Debug|Any CPU.Deploy.0 = Debug|iPhoneSimulator
		{9161B2B7-15AF-4352-9D53-D5620421D178}.Debug|ARM.ActiveCfg = Debug|iPhone
		{9161B2B7-15AF-4352-9D53-D5620421D178}.Debug|ARM.Build.0 = Debug|iPhone
		{9161B2B7-15AF-4352-9D53-D5620421D178}.Debug|ARM.Deploy.0 = Debug|iPhone
		{9161B2B7-15AF-4352-9D53-D5620421D178}.Debug|iPhone.ActiveCfg = Debug|iPhone
		{9161B2B7-15AF-4352-9D53-D5620421D178}.Debug|iPhone.Build.0 = Debug|iPhone
		{9161B2B7-15AF-4352-9D53-D5620421D178}.Debug|iPhone.Deploy.0 = Debug|iPhone
		{9161B2B7-15AF-4352-9D53-D5620421D178}.Debug|iPhoneSimulator.ActiveCfg = Debug|iPhoneSimulator
		{9161B2B7-15AF-4352-9D53-D5620421D178}.Debug|iPhoneSimulator.Build.0 = Debug|iPhoneSimulator
		{9161B2B7-15AF-4352-9D53-D5620421D178}.Debug|iPhoneSimulator.Deploy.0 = Debug|iPhoneSimulator
		{9161B2B7-15AF-4352-9D53-D5620421D178}.Debug|x64.ActiveCfg = Debug|iPhone
		{9161B2B7-15AF-4352-9D53-D5620421D178}.Debug|x64.Build.0 = Debug|iPhone
		{9161B2B7-15AF-4352-9D53-D5620421D178}.Debug|x64.Deploy.0 = Debug|iPhone
		{9161B2B7-15AF-4352-9D53-D5620421D178}.Debug|x86.ActiveCfg = Debug|iPhone
		{9161B2B7-15AF-4352-9D53-D5620421D178}.Debug|x86.Build.0 = Debug|iPhone
		{9161B2B7-15AF-4352-9D53-D5620421D178}.Debug|x86.Deploy.0 = Debug|iPhone
		{9161B2B7-15AF-4352-9D53-D5620421D178}.Release|Any CPU.ActiveCfg = Release|iPhone
		{9161B2B7-15AF-4352-9D53-D5620421D178}.Release|Any CPU.Build.0 = Release|iPhone
		{9161B2B7-15AF-4352-9D53-D5620421D178}.Release|Any CPU.Deploy.0 = Release|iPhone
		{9161B2B7-15AF-4352-9D53-D5620421D178}.Release|ARM.ActiveCfg = Release|iPhone
		{9161B2B7-15AF-4352-9D53-D5620421D178}.Release|ARM.Build.0 = Release|iPhone
		{9161B2B7-15AF-4352-9D53-D5620421D178}.Release|ARM.Deploy.0 = Release|iPhone
		{9161B2B7-15AF-4352-9D53-D5620421D178}.Release|iPhone.ActiveCfg = Release|iPhone
		{9161B2B7-15AF-4352-9D53-D5620421D178}.Release|iPhone.Build.0 = Release|iPhone
		{9161B2B7-15AF-4352-9D53-D5620421D178}.Release|iPhone.Deploy.0 = Release|iPhone
		{9161B2B7-15AF-4352-9D53-D5620421D178}.Release|iPhoneSimulator.ActiveCfg = Release|iPhoneSimulator
		{9161B2B7-15AF-4352-9D53-D5620421D178}.Release|iPhoneSimulator.Build.0 = Release|iPhoneSimulator
		{9161B2B7-15AF-4352-9D53-D5620421D178}.Release|iPhoneSimulator.Deploy.0 = Release|iPhoneSimulator
		{9161B2B7-15AF-4352-9D53-D5620421D178}.Release|x64.ActiveCfg = Release|iPhone
		{9161B2B7-15AF-4352-9D53-D5620421D178}.Release|x64.Build.0 = Release|iPhone
		{9161B2B7-15AF-4352-9D53-D5620421D178}.Release|x64.Deploy.0 = Release|iPhone
		{9161B2B7-15AF-4352-9D53-D5620421D178}.Release|x86.ActiveCfg = Release|iPhone
		{9161B2B7-15AF-4352-9D53-D5620421D178}.Release|x86.Build.0 = Release|iPhone
		{9161B2B7-15AF-4352-9D53-D5620421D178}.Release|x86.Deploy.0 = Release|iPhone
		{C95F4DE4-2E73-4D16-9FF3-4EB944014A57}.Ad-Hoc|Any CPU.ActiveCfg = Release|x86
		{C95F4DE4-2E73-4D16-9FF3-4EB944014A57}.Ad-Hoc|Any CPU.Build.0 = Release|x86
		{C95F4DE4-2E73-4D16-9FF3-4EB944014A57}.Ad-Hoc|Any CPU.Deploy.0 = Release|x86
		{C95F4DE4-2E73-4D16-9FF3-4EB944014A57}.Ad-Hoc|ARM.ActiveCfg = Release|ARM
		{C95F4DE4-2E73-4D16-9FF3-4EB944014A57}.Ad-Hoc|ARM.Build.0 = Release|ARM
		{C95F4DE4-2E73-4D16-9FF3-4EB944014A57}.Ad-Hoc|ARM.Deploy.0 = Release|ARM
		{C95F4DE4-2E73-4D16-9FF3-4EB944014A57}.Ad-Hoc|iPhone.ActiveCfg = Release|x86
		{C95F4DE4-2E73-4D16-9FF3-4EB944014A57}.Ad-Hoc|iPhone.Build.0 = Release|x86
		{C95F4DE4-2E73-4D16-9FF3-4EB944014A57}.Ad-Hoc|iPhone.Deploy.0 = Release|x86
		{C95F4DE4-2E73-4D16-9FF3-4EB944014A57}.Ad-Hoc|iPhoneSimulator.ActiveCfg = Release|x86
		{C95F4DE4-2E73-4D16-9FF3-4EB944014A57}.Ad-Hoc|iPhoneSimulator.Build.0 = Release|x86
		{C95F4DE4-2E73-4D16-9FF3-4EB944014A57}.Ad-Hoc|iPhoneSimulator.Deploy.0 = Release|x86
		{C95F4DE4-2E73-4D16-9FF3-4EB944014A57}.Ad-Hoc|x64.ActiveCfg = Release|x64
		{C95F4DE4-2E73-4D16-9FF3-4EB944014A57}.Ad-Hoc|x64.Build.0 = Release|x64
		{C95F4DE4-2E73-4D16-9FF3-4EB944014A57}.Ad-Hoc|x64.Deploy.0 = Release|x64
		{C95F4DE4-2E73-4D16-9FF3-4EB944014A57}.Ad-Hoc|x86.ActiveCfg = Release|x86
		{C95F4DE4-2E73-4D16-9FF3-4EB944014A57}.Ad-Hoc|x86.Build.0 = Release|x86
		{C95F4DE4-2E73-4D16-9FF3-4EB944014A57}.Ad-Hoc|x86.Deploy.0 = Release|x86
		{C95F4DE4-2E73-4D16-9FF3-4EB944014A57}.AppStore|Any CPU.ActiveCfg = Release|x86
		{C95F4DE4-2E73-4D16-9FF3-4EB944014A57}.AppStore|Any CPU.Build.0 = Release|x86
		{C95F4DE4-2E73-4D16-9FF3-4EB944014A57}.AppStore|Any CPU.Deploy.0 = Release|x86
		{C95F4DE4-2E73-4D16-9FF3-4EB944014A57}.AppStore|ARM.ActiveCfg = Release|ARM
		{C95F4DE4-2E73-4D16-9FF3-4EB944014A57}.AppStore|ARM.Build.0 = Release|ARM
		{C95F4DE4-2E73-4D16-9FF3-4EB944014A57}.AppStore|ARM.Deploy.0 = Release|ARM
		{C95F4DE4-2E73-4D16-9FF3-4EB944014A57}.AppStore|iPhone.ActiveCfg = Release|x86
		{C95F4DE4-2E73-4D16-9FF3-4EB944014A57}.AppStore|iPhone.Build.0 = Release|x86
		{C95F4DE4-2E73-4D16-9FF3-4EB944014A57}.AppStore|iPhone.Deploy.0 = Release|x86
		{C95F4DE4-2E73-4D16-9FF3-4EB944014A57}.AppStore|iPhoneSimulator.ActiveCfg = Release|x86
		{C95F4DE4-2E73-4D16-9FF3-4EB944014A57}.AppStore|iPhoneSimulator.Build.0 = Release|x86
		{C95F4DE4-2E73-4D16-9FF3-4EB944014A57}.AppStore|iPhoneSimulator.Deploy.0 = Release|x86
		{C95F4DE4-2E73-4D16-9FF3-4EB944014A57}.AppStore|x64.ActiveCfg = Release|x64
		{C95F4DE4-2E73-4D16-9FF3-4EB944014A57}.AppStore|x64.Build.0 = Release|x64
		{C95F4DE4-2E73-4D16-9FF3-4EB944014A57}.AppStore|x64.Deploy.0 = Release|x64
		{C95F4DE4-2E73-4D16-9FF3-4EB944014A57}.AppStore|x86.ActiveCfg = Release|x86
		{C95F4DE4-2E73-4D16-9FF3-4EB944014A57}.AppStore|x86.Build.0 = Release|x86
		{C95F4DE4-2E73-4D16-9FF3-4EB944014A57}.AppStore|x86.Deploy.0 = Release|x86
		{C95F4DE4-2E73-4D16-9FF3-4EB944014A57}.Debug|Any CPU.ActiveCfg = Debug|x86
		{C95F4DE4-2E73-4D16-9FF3-4EB944014A57}.Debug|Any CPU.Build.0 = Debug|x86
		{C95F4DE4-2E73-4D16-9FF3-4EB944014A57}.Debug|Any CPU.Deploy.0 = Debug|x86
		{C95F4DE4-2E73-4D16-9FF3-4EB944014A57}.Debug|ARM.ActiveCfg = Debug|ARM
		{C95F4DE4-2E73-4D16-9FF3-4EB944014A57}.Debug|ARM.Build.0 = Debug|ARM
		{C95F4DE4-2E73-4D16-9FF3-4EB944014A57}.Debug|ARM.Deploy.0 = Debug|ARM
		{C95F4DE4-2E73-4D16-9FF3-4EB944014A57}.Debug|iPhone.ActiveCfg = Debug|x86
		{C95F4DE4-2E73-4D16-9FF3-4EB944014A57}.Debug|iPhone.Build.0 = Debug|x86
		{C95F4DE4-2E73-4D16-9FF3-4EB944014A57}.Debug|iPhone.Deploy.0 = Debug|x86
		{C95F4DE4-2E73-4D16-9FF3-4EB944014A57}.Debug|iPhoneSimulator.ActiveCfg = Debug|x86
		{C95F4DE4-2E73-4D16-9FF3-4EB944014A57}.Debug|iPhoneSimulator.Build.0 = Debug|x86
		{C95F4DE4-2E73-4D16-9FF3-4EB944014A57}.Debug|iPhoneSimulator.Deploy.0 = Debug|x86
		{C95F4DE4-2E73-4D16-9FF3-4EB944014A57}.Debug|x64.ActiveCfg = Debug|x64
		{C95F4DE4-2E73-4D16-9FF3-4EB944014A57}.Debug|x64.Build.0 = Debug|x64
		{C95F4DE4-2E73-4D16-9FF3-4EB944014A57}.Debug|x64.Deploy.0 = Debug|x64
		{C95F4DE4-2E73-4D16-9FF3-4EB944014A57}.Debug|x86.ActiveCfg = Debug|x86
		{C95F4DE4-2E73-4D16-9FF3-4EB944014A57}.Debug|x86.Build.0 = Debug|x86
		{C95F4DE4-2E73-4D16-9FF3-4EB944014A57}.Debug|x86.Deploy.0 = Debug|x86
		{C95F4DE4-2E73-4D16-9FF3-4EB944014A57}.Release|Any CPU.ActiveCfg = Release|x86
		{C95F4DE4-2E73-4D16-9FF3-4EB944014A57}.Release|Any CPU.Build.0 = Release|x86
		{C95F4DE4-2E73-4D16-9FF3-4EB944014A57}.Release|Any CPU.Deploy.0 = Release|x86
		{C95F4DE4-2E73-4D16-9FF3-4EB944014A57}.Release|ARM.ActiveCfg = Release|ARM
		{C95F4DE4-2E73-4D16-9FF3-4EB944014A57}.Release|ARM.Build.0 = Release|ARM
		{C95F4DE4-2E73-4D16-9FF3-4EB944014A57}.Release|ARM.Deploy.0 = Release|ARM
		{C95F4DE4-2E73-4D16-9FF3-4EB944014A57}.Release|iPhone.ActiveCfg = Release|x86
		{C95F4DE4-2E73-4D16-9FF3-4EB944014A57}.Release|iPhone.Build.0 = Release|x86
		{C95F4DE4-2E73-4D16-9FF3-4EB944014A57}.Release|iPhone.Deploy.0 = Release|x86
		{C95F4DE4-2E73-4D16-9FF3-4EB944014A57}.Release|iPhoneSimulator.ActiveCfg = Release|x86
		{C95F4DE4-2E73-4D16-9FF3-4EB944014A57}.Release|iPhoneSimulator.Build.0 = Release|x86
		{C95F4DE4-2E73-4D16-9FF3-4EB944014A57}.Release|iPhoneSimulator.Deploy.0 = Release|x86
		{C95F4DE4-2E73-4D16-9FF3-4EB944014A57}.Release|x64.ActiveCfg = Release|x64
		{C95F4DE4-2E73-4D16-9FF3-4EB944014A57}.Release|x64.Build.0 = Release|x64
		{C95F4DE4-2E73-4D16-9FF3-4EB944014A57}.Release|x64.Deploy.0 = Release|x64
		{C95F4DE4-2E73-4D16-9FF3-4EB944014A57}.Release|x86.ActiveCfg = Release|x86
		{C95F4DE4-2E73-4D16-9FF3-4EB944014A57}.Release|x86.Build.0 = Release|x86
		{C95F4DE4-2E73-4D16-9FF3-4EB944014A57}.Release|x86.Deploy.0 = Release|x86
		{2BADE572-E234-459A-881E-345177B7A9FF}.Ad-Hoc|Any CPU.ActiveCfg = Debug|Any CPU
		{2BADE572-E234-459A-881E-345177B7A9FF}.Ad-Hoc|Any CPU.Build.0 = Debug|Any CPU
		{2BADE572-E234-459A-881E-345177B7A9FF}.Ad-Hoc|Any CPU.Deploy.0 = Debug|Any CPU
		{2BADE572-E234-459A-881E-345177B7A9FF}.Ad-Hoc|ARM.ActiveCfg = Debug|Any CPU
		{2BADE572-E234-459A-881E-345177B7A9FF}.Ad-Hoc|ARM.Build.0 = Debug|Any CPU
		{2BADE572-E234-459A-881E-345177B7A9FF}.Ad-Hoc|ARM.Deploy.0 = Debug|Any CPU
		{2BADE572-E234-459A-881E-345177B7A9FF}.Ad-Hoc|iPhone.ActiveCfg = Debug|Any CPU
		{2BADE572-E234-459A-881E-345177B7A9FF}.Ad-Hoc|iPhone.Build.0 = Debug|Any CPU
		{2BADE572-E234-459A-881E-345177B7A9FF}.Ad-Hoc|iPhone.Deploy.0 = Debug|Any CPU
		{2BADE572-E234-459A-881E-345177B7A9FF}.Ad-Hoc|iPhoneSimulator.ActiveCfg = Debug|Any CPU
		{2BADE572-E234-459A-881E-345177B7A9FF}.Ad-Hoc|iPhoneSimulator.Build.0 = Debug|Any CPU
		{2BADE572-E234-459A-881E-345177B7A9FF}.Ad-Hoc|iPhoneSimulator.Deploy.0 = Debug|Any CPU
		{2BADE572-E234-459A-881E-345177B7A9FF}.Ad-Hoc|x64.ActiveCfg = Debug|Any CPU
		{2BADE572-E234-459A-881E-345177B7A9FF}.Ad-Hoc|x64.Build.0 = Debug|Any CPU
		{2BADE572-E234-459A-881E-345177B7A9FF}.Ad-Hoc|x64.Deploy.0 = Debug|Any CPU
		{2BADE572-E234-459A-881E-345177B7A9FF}.Ad-Hoc|x86.ActiveCfg = Debug|Any CPU
		{2BADE572-E234-459A-881E-345177B7A9FF}.Ad-Hoc|x86.Build.0 = Debug|Any CPU
		{2BADE572-E234-459A-881E-345177B7A9FF}.Ad-Hoc|x86.Deploy.0 = Debug|Any CPU
		{2BADE572-E234-459A-881E-345177B7A9FF}.AppStore|Any CPU.ActiveCfg = Debug|Any CPU
		{2BADE572-E234-459A-881E-345177B7A9FF}.AppStore|Any CPU.Build.0 = Debug|Any CPU
		{2BADE572-E234-459A-881E-345177B7A9FF}.AppStore|Any CPU.Deploy.0 = Debug|Any CPU
		{2BADE572-E234-459A-881E-345177B7A9FF}.AppStore|ARM.ActiveCfg = Debug|Any CPU
		{2BADE572-E234-459A-881E-345177B7A9FF}.AppStore|ARM.Build.0 = Debug|Any CPU
		{2BADE572-E234-459A-881E-345177B7A9FF}.AppStore|ARM.Deploy.0 = Debug|Any CPU
		{2BADE572-E234-459A-881E-345177B7A9FF}.AppStore|iPhone.ActiveCfg = Debug|Any CPU
		{2BADE572-E234-459A-881E-345177B7A9FF}.AppStore|iPhone.Build.0 = Debug|Any CPU
		{2BADE572-E234-459A-881E-345177B7A9FF}.AppStore|iPhone.Deploy.0 = Debug|Any CPU
		{2BADE572-E234-459A-881E-345177B7A9FF}.AppStore|iPhoneSimulator.ActiveCfg = Debug|Any CPU
		{2BADE572-E234-459A-881E-345177B7A9FF}.AppStore|iPhoneSimulator.Build.0 = Debug|Any CPU
		{2BADE572-E234-459A-881E-345177B7A9FF}.AppStore|iPhoneSimulator.Deploy.0 = Debug|Any CPU
		{2BADE572-E234-459A-881E-345177B7A9FF}.AppStore|x64.ActiveCfg = Debug|Any CPU
		{2BADE572-E234-459A-881E-345177B7A9FF}.AppStore|x64.Build.0 = Debug|Any CPU
		{2BADE572-E234-459A-881E-345177B7A9FF}.AppStore|x64.Deploy.0 = Debug|Any CPU
		{2BADE572-E234-459A-881E-345177B7A9FF}.AppStore|x86.ActiveCfg = Debug|Any CPU
		{2BADE572-E234-459A-881E-345177B7A9FF}.AppStore|x86.Build.0 = Debug|Any CPU
		{2BADE572-E234-459A-881E-345177B7A9FF}.AppStore|x86.Deploy.0 = Debug|Any CPU
		{2BADE572-E234-459A-881E-345177B7A9FF}.Debug|Any CPU.ActiveCfg = Debug|Any CPU
		{2BADE572-E234-459A-881E-345177B7A9FF}.Debug|Any CPU.Build.0 = Debug|Any CPU
		{2BADE572-E234-459A-881E-345177B7A9FF}.Debug|Any CPU.Deploy.0 = Debug|Any CPU
		{2BADE572-E234-459A-881E-345177B7A9FF}.Debug|ARM.ActiveCfg = Debug|Any CPU
		{2BADE572-E234-459A-881E-345177B7A9FF}.Debug|ARM.Build.0 = Debug|Any CPU
		{2BADE572-E234-459A-881E-345177B7A9FF}.Debug|ARM.Deploy.0 = Debug|Any CPU
		{2BADE572-E234-459A-881E-345177B7A9FF}.Debug|iPhone.ActiveCfg = Debug|Any CPU
		{2BADE572-E234-459A-881E-345177B7A9FF}.Debug|iPhone.Build.0 = Debug|Any CPU
		{2BADE572-E234-459A-881E-345177B7A9FF}.Debug|iPhone.Deploy.0 = Debug|Any CPU
		{2BADE572-E234-459A-881E-345177B7A9FF}.Debug|iPhoneSimulator.ActiveCfg = Debug|Any CPU
		{2BADE572-E234-459A-881E-345177B7A9FF}.Debug|iPhoneSimulator.Build.0 = Debug|Any CPU
		{2BADE572-E234-459A-881E-345177B7A9FF}.Debug|iPhoneSimulator.Deploy.0 = Debug|Any CPU
		{2BADE572-E234-459A-881E-345177B7A9FF}.Debug|x64.ActiveCfg = Debug|Any CPU
		{2BADE572-E234-459A-881E-345177B7A9FF}.Debug|x64.Build.0 = Debug|Any CPU
		{2BADE572-E234-459A-881E-345177B7A9FF}.Debug|x64.Deploy.0 = Debug|Any CPU
		{2BADE572-E234-459A-881E-345177B7A9FF}.Debug|x86.ActiveCfg = Debug|Any CPU
		{2BADE572-E234-459A-881E-345177B7A9FF}.Debug|x86.Build.0 = Debug|Any CPU
		{2BADE572-E234-459A-881E-345177B7A9FF}.Debug|x86.Deploy.0 = Debug|Any CPU
		{2BADE572-E234-459A-881E-345177B7A9FF}.Release|Any CPU.ActiveCfg = Release|Any CPU
		{2BADE572-E234-459A-881E-345177B7A9FF}.Release|Any CPU.Build.0 = Release|Any CPU
		{2BADE572-E234-459A-881E-345177B7A9FF}.Release|Any CPU.Deploy.0 = Release|Any CPU
		{2BADE572-E234-459A-881E-345177B7A9FF}.Release|ARM.ActiveCfg = Release|Any CPU
		{2BADE572-E234-459A-881E-345177B7A9FF}.Release|ARM.Build.0 = Release|Any CPU
		{2BADE572-E234-459A-881E-345177B7A9FF}.Release|ARM.Deploy.0 = Release|Any CPU
		{2BADE572-E234-459A-881E-345177B7A9FF}.Release|iPhone.ActiveCfg = Release|Any CPU
		{2BADE572-E234-459A-881E-345177B7A9FF}.Release|iPhone.Build.0 = Release|Any CPU
		{2BADE572-E234-459A-881E-345177B7A9FF}.Release|iPhone.Deploy.0 = Release|Any CPU
		{2BADE572-E234-459A-881E-345177B7A9FF}.Release|iPhoneSimulator.ActiveCfg = Release|Any CPU
		{2BADE572-E234-459A-881E-345177B7A9FF}.Release|iPhoneSimulator.Build.0 = Release|Any CPU
		{2BADE572-E234-459A-881E-345177B7A9FF}.Release|iPhoneSimulator.Deploy.0 = Release|Any CPU
		{2BADE572-E234-459A-881E-345177B7A9FF}.Release|x64.ActiveCfg = Release|Any CPU
		{2BADE572-E234-459A-881E-345177B7A9FF}.Release|x64.Build.0 = Release|Any CPU
		{2BADE572-E234-459A-881E-345177B7A9FF}.Release|x64.Deploy.0 = Release|Any CPU
		{2BADE572-E234-459A-881E-345177B7A9FF}.Release|x86.ActiveCfg = Release|Any CPU
		{2BADE572-E234-459A-881E-345177B7A9FF}.Release|x86.Build.0 = Release|Any CPU
		{2BADE572-E234-459A-881E-345177B7A9FF}.Release|x86.Deploy.0 = Release|Any CPU
	EndGlobalSection
	GlobalSection(SolutionProperties) = preSolution
		HideSolutionNode = FALSE
	EndGlobalSection
	GlobalSection(ExtensibilityGlobals) = postSolution
		SolutionGuid = {701434E7-B700-4A82-A81B-4BDC194775FD}
	EndGlobalSection
EndGlobal
